
Microsoft Visual Studio Solution File, Format Version 12.00
# Visual Studio Version 16
VisualStudioVersion = 16.0.30804.86
MinimumVisualStudioVersion = 10.0.40219.1
Project("{FAE04EC0-301F-11D3-BF4B-00C04F79EFBC}") = "CadastroSerie", "CadastroSerie\CadastroSerie.csproj", "{A851F473-95EC-4B92-831A-FE1314838FC7}"
EndProject
Global
	GlobalSection(SolutionConfigurationPlatforms) = preSolution
		Debug|Any CPU = Debug|Any CPU
		Release|Any CPU = Release|Any CPU
	EndGlobalSection
	GlobalSection(ProjectConfigurationPlatforms) = postSolution
		{A851F473-95EC-4B92-831A-FE1314838FC7}.Debug|Any CPU.ActiveCfg = Debug|Any CPU
		{A851F473-95EC-4B92-831A-FE1314838FC7}.Debug|Any CPU.Build.0 = Debug|Any CPU
		{A851F473-95EC-4B92-831A-FE1314838FC7}.Release|Any CPU.ActiveCfg = Release|Any CPU
		{A851F473-95EC-4B92-831A-FE1314838FC7}.Release|Any CPU.Build.0 = Release|Any CPU
	EndGlobalSection
	GlobalSection(SolutionProperties) = preSolution
		HideSolutionNode = FALSE
	EndGlobalSection
	GlobalSection(ExtensibilityGlobals) = postSolution
		SolutionGuid = {D8777B9A-2989-4029-AA27-78036CFD91FA}
	EndGlobalSection
EndGlobal
